
Microsoft Visual Studio Solution File, Format Version 12.00
# Visual Studio Version 17
VisualStudioVersion = 17.7.34024.191
MinimumVisualStudioVersion = 10.0.40219.1
Project("{FAE04EC0-301F-11D3-BF4B-00C04F79EFBC}") = "IPTEntity", "IPTEntity\IPTEntity.csproj", "{24B15C37-9F3A-48ED-A7EC-94F55802278A}"
EndProject
Global
	GlobalSection(SolutionConfigurationPlatforms) = preSolution
		Debug|Any CPU = Debug|Any CPU
		Release|Any CPU = Release|Any CPU
	EndGlobalSection
	GlobalSection(ProjectConfigurationPlatforms) = postSolution
		{24B15C37-9F3A-48ED-A7EC-94F55802278A}.Debug|Any CPU.ActiveCfg = Debug|Any CPU
		{24B15C37-9F3A-48ED-A7EC-94F55802278A}.Debug|Any CPU.Build.0 = Debug|Any CPU
		{24B15C37-9F3A-48ED-A7EC-94F55802278A}.Release|Any CPU.ActiveCfg = Release|Any CPU
		{24B15C37-9F3A-48ED-A7EC-94F55802278A}.Release|Any CPU.Build.0 = Release|Any CPU
	EndGlobalSection
	GlobalSection(SolutionProperties) = preSolution
		HideSolutionNode = FALSE
	EndGlobalSection
	GlobalSection(ExtensibilityGlobals) = postSolution
		SolutionGuid = {70E05D5A-A24A-4F5A-9EEE-7C32A7721813}
	EndGlobalSection
EndGlobal
